<?xml version="1.0" encoding="utf-8"?>
<Project ToolsVersion="4.0" xmlns="http://schemas.microsoft.com/developer/msbuild/2003">
  <ItemGroup>
    <Filter Include="Source Files">
      <UniqueIdentifier>{e84891e5-c85c-4a85-9836-2fb3bb348457}</UniqueIdentifier>
      <Extensions>cpp;c;cxx;rc;def;r;odl;idl;hpj;bat</Extensions>
    </Filter>
    <Filter Include="Header Files">
      <UniqueIdentifier>{cc836bc0-b260-4b8e-bb7a-1be8c5e4102a}</UniqueIdentifier>
      <Extensions>h;hpp;hxx;hm;inl</Extensions>
    </Filter>
    <Filter Include="Resource Files">
      <UniqueIdentifier>{ce6b2fca-158a-4974-b79e-11afebd1973a}</UniqueIdentifier>
      <Extensions>ico;cur;bmp;dlg;rc2;rct;bin;rgs;gif;jpg;jpeg;jpe</Extensions>
    </Filter>
  </ItemGroup>
  <ItemGroup>
    <ClCompile Include="..\CommonSource\ccbutton.cpp">
      <Filter>Source Files</Filter>
    </ClCompile>
    <ClCompile Include="CDData.cpp">
      <Filter>Source Files</Filter>
    </ClCompile>
    <ClCompile Include="CoGrandISO.cpp">
      <Filter>Source Files</Filter>
    </ClCompile>
    <ClCompile Include="..\CommonSource\COM_Utilities.cpp">
      <Filter>Source Files</Filter>
    </ClCompile>
    <ClCompile Include="DataStat.cpp">
      <Filter>Source Files</Filter>
    </ClCompile>
    <ClCompile Include="DataWatchDlg.cpp">
      <Filter>Source Files</Filter>
    </ClCompile>
    <ClCompile Include="..\CommonSource\DirDialog.cpp">
      <Filter>Source Files</Filter>
    </ClCompile>
    <ClCompile Include="Genl4Stat.cpp">
      <Filter>Source Files</Filter>
    </ClCompile>
    <ClCompile Include="GenlStat.cpp">
      <Filter>Source Files</Filter>
    </ClCompile>
    <ClCompile Include="GrandISO.cpp">
      <Filter>Source Files</Filter>
    </ClCompile>
    <ClCompile Include="GrandLegend.cpp">
      <Filter>Source Files</Filter>
    </ClCompile>
    <ClCompile Include="GrandSetup.cpp">
      <Filter>Source Files</Filter>
    </ClCompile>
    <ClCompile Include="GrandSetupData.cpp">
      <Filter>Source Files</Filter>
    </ClCompile>
    <ClCompile Include="instrument.cpp">
      <Filter>Source Files</Filter>
    </ClCompile>
    <ClCompile Include="..\CommonSource\ISO.cpp">
      <Filter>Source Files</Filter>
    </ClCompile>
    <ClCompile Include="..\CommonSource\JulianT.cpp">
      <Filter>Source Files</Filter>
    </ClCompile>
    <ClCompile Include="..\CommonSource\ListCtrlStyled.cpp">
      <Filter>Source Files</Filter>
    </ClCompile>
    <ClCompile Include="ModParam.cpp">
      <Filter>Source Files</Filter>
    </ClCompile>
    <ClCompile Include="..\CommonSource\RegisterByCategory.cpp">
      <Filter>Source Files</Filter>
    </ClCompile>
    <ClCompile Include="SafePS.cpp">
      <Filter>Source Files</Filter>
    </ClCompile>
    <ClCompile Include="SetEdit.cpp">
      <Filter>Source Files</Filter>
    </ClCompile>
    <ClCompile Include="SetupData.cpp">
      <Filter>Source Files</Filter>
    </ClCompile>
    <ClCompile Include="StateMachine.cpp">
      <Filter>Source Files</Filter>
    </ClCompile>
    <ClCompile Include="StdAfx.cpp">
      <Filter>Source Files</Filter>
    </ClCompile>
    <ClCompile Include="Summary.cpp">
      <Filter>Source Files</Filter>
    </ClCompile>
    <ClCompile Include="..\CommonSource\TPropertySheet.cpp">
      <Filter>Source Files</Filter>
    </ClCompile>
    <ClCompile Include="User4Prog.cpp">
      <Filter>Source Files</Filter>
    </ClCompile>
    <ClCompile Include="UserProg.cpp">
      <Filter>Source Files</Filter>
    </ClCompile>
    <ClCompile Include="..\CommonSource\VERSION.CPP">
      <Filter>Source Files</Filter>
    </ClCompile>
  </ItemGroup>
  <ItemGroup>
    <Midl Include="CoGrandISO.idl">
      <Filter>Source Files</Filter>
    </Midl>
  </ItemGroup>
  <ItemGroup>
    <ResourceCompile Include="CoGrandISO.rc">
      <Filter>Source Files</Filter>
    </ResourceCompile>
  </ItemGroup>
  <ItemGroup>
    <ClInclude Include="..\CommonSource\ccbutton.h">
      <Filter>Header Files</Filter>
    </ClInclude>
    <ClInclude Include="..\CommonSource\ccbutton_messages.h">
      <Filter>Header Files</Filter>
    </ClInclude>
    <ClInclude Include="CDData.h">
      <Filter>Header Files</Filter>
    </ClInclude>
    <ClInclude Include="chart.h">
      <Filter>Header Files</Filter>
    </ClInclude>
    <ClInclude Include="..\CommonSource\COM_Utilities.h">
      <Filter>Header Files</Filter>
    </ClInclude>
    <ClInclude Include="DataStat.h">
      <Filter>Header Files</Filter>
    </ClInclude>
    <ClInclude Include="DataWatchDlg.h">
      <Filter>Header Files</Filter>
    </ClInclude>
    <ClInclude Include="..\CommonSource\DirDialog.h">
      <Filter>Header Files</Filter>
    </ClInclude>
    <ClInclude Include="Genl4Stat.h">
      <Filter>Header Files</Filter>
    </ClInclude>
    <ClInclude Include="GenlStat.h">
      <Filter>Header Files</Filter>
    </ClInclude>
    <ClInclude Include="GrandISO.h">
      <Filter>Header Files</Filter>
    </ClInclude>
    <ClInclude Include="GrandLegend.h">
      <Filter>Header Files</Filter>
    </ClInclude>
    <ClInclude Include="GrandSetup.h">
      <Filter>Header Files</Filter>
    </ClInclude>
    <ClInclude Include="GrandSetupData.h">
      <Filter>Header Files</Filter>
    </ClInclude>
    <ClInclude Include="Instrument.h">
      <Filter>Header Files</Filter>
    </ClInclude>
    <ClInclude Include="..\CommonSource\ISO.h">
      <Filter>Header Files</Filter>
    </ClInclude>
    <ClInclude Include="..\CommonSource\ISO_definitions.h">
      <Filter>Header Files</Filter>
    </ClInclude>
    <ClInclude Include="..\CommonSource\JulianT.h">
      <Filter>Header Files</Filter>
    </ClInclude>
    <ClInclude Include="..\CommonSource\ListCtrlStyled.h">
      <Filter>Header Files</Filter>
    </ClInclude>
    <ClInclude Include="ModParam.h">
      <Filter>Header Files</Filter>
    </ClInclude>
    <ClInclude Include="..\CommonSource\RegisterByCategory.h">
      <Filter>Header Files</Filter>
    </ClInclude>
    <ClInclude Include="Resource.h">
      <Filter>Header Files</Filter>
    </ClInclude>
    <ClInclude Include="SafePS.h">
      <Filter>Header Files</Filter>
    </ClInclude>
    <ClInclude Include="SetEdit.h">
      <Filter>Header Files</Filter>
    </ClInclude>
    <ClInclude Include="SetupData.h">
      <Filter>Header Files</Filter>
    </ClInclude>
    <ClInclude Include="StdAfx.h">
      <Filter>Header Files</Filter>
    </ClInclude>
    <ClInclude Include="Summary.h">
      <Filter>Header Files</Filter>
    </ClInclude>
    <ClInclude Include="..\CommonSource\TPropertySheet.h">
      <Filter>Header Files</Filter>
    </ClInclude>
    <ClInclude Include="User4Prog.h">
      <Filter>Header Files</Filter>
    </ClInclude>
    <ClInclude Include="UserProg.h">
      <Filter>Header Files</Filter>
    </ClInclude>
    <ClInclude Include="..\CommonSource\VERSION.H">
      <Filter>Header Files</Filter>
    </ClInclude>
  </ItemGroup>
  <ItemGroup>
    <Image Include="res\bitmap1.bmp">
      <Filter>Resource Files</Filter>
    </Image>
    <Image Include="res\bitmap2.bmp">
      <Filter>Resource Files</Filter>
    </Image>
    <Image Include="res\bitmap3.bmp">
      <Filter>Resource Files</Filter>
    </Image>
    <Image Include="res\bitmap4.bmp">
      <Filter>Resource Files</Filter>
    </Image>
    <Image Include="res\bitmap5.bmp">
      <Filter>Resource Files</Filter>
    </Image>
    <Image Include="res\bitmap6.bmp">
      <Filter>Resource Files</Filter>
    </Image>
    <Image Include="res\bitmap7.bmp">
      <Filter>Resource Files</Filter>
    </Image>
    <Image Include="res\bitmap8.bmp">
      <Filter>Resource Files</Filter>
    </Image>
    <Image Include="res\bmp00001.bmp">
      <Filter>Resource Files</Filter>
    </Image>
    <Image Include="res\bmp_gree.bmp">
      <Filter>Resource Files</Filter>
    </Image>
    <Image Include="res\bmp_red.bmp">
      <Filter>Resource Files</Filter>
    </Image>
    <Image Include="res\clock.ico">
      <Filter>Resource Files</Filter>
    </Image>
    <Image Include="res\ico00001.ico">
      <Filter>Resource Files</Filter>
    </Image>
    <Image Include="res\ico00002.ico">
      <Filter>Resource Files</Filter>
    </Image>
    <Image Include="res\ico00003.ico">
      <Filter>Resource Files</Filter>
    </Image>
    <Image Include="res\ico00004.ico">
      <Filter>Resource Files</Filter>
    </Image>
    <Image Include="res\ico00005.ico">
      <Filter>Resource Files</Filter>
    </Image>
    <Image Include="res\ico00006.ico">
      <Filter>Resource Files</Filter>
    </Image>
    <Image Include="res\ico00007.ico">
      <Filter>Resource Files</Filter>
    </Image>
    <Image Include="res\ico00008.ico">
      <Filter>Resource Files</Filter>
    </Image>
    <Image Include="res\ico00009.ico">
      <Filter>Resource Files</Filter>
    </Image>
    <Image Include="res\ico00010.ico">
      <Filter>Resource Files</Filter>
    </Image>
    <Image Include="res\ico00011.ico">
      <Filter>Resource Files</Filter>
    </Image>
    <Image Include="res\ico00012.ico">
      <Filter>Resource Files</Filter>
    </Image>
    <Image Include="res\icon1.ico">
      <Filter>Resource Files</Filter>
    </Image>
    <Image Include="res\icon13.ico">
      <Filter>Resource Files</Filter>
    </Image>
    <Image Include="res\icon1b.ico">
      <Filter>Resource Files</Filter>
    </Image>
    <Image Include="res\icon2.ico">
      <Filter>Resource Files</Filter>
    </Image>
    <Image Include="res\icon3.ico">
      <Filter>Resource Files</Filter>
    </Image>
    <Image Include="res\icon4.ico">
      <Filter>Resource Files</Filter>
    </Image>
    <Image Include="res\icon5.ico">
      <Filter>Resource Files</Filter>
    </Image>
    <Image Include="res\icon6.ico">
      <Filter>Resource Files</Filter>
    </Image>
    <Image Include="res\icon7.ico">
      <Filter>Resource Files</Filter>
    </Image>
    <Image Include="res\icon8.ico">
      <Filter>Resource Files</Filter>
    </Image>
    <Image Include="res\icon_yel.ico">
      <Filter>Resource Files</Filter>
    </Image>
    <Image Include="res\mainfram.ico">
      <Filter>Resource Files</Filter>
    </Image>
    <Image Include="res\mic.ico">
      <Filter>Resource Files</Filter>
    </Image>
  </ItemGroup>
  <ItemGroup>
    <CustomBuild Include="CoGrandISO.def">
      <Filter>Source Files</Filter>
    </CustomBuild>
    <CustomBuild Include="res\cursor.cur">
      <Filter>Resource Files</Filter>
    </CustomBuild>
    <CustomBuild Include="GrandISO.rgs">
      <Filter>Resource Files</Filter>
    </CustomBuild>
  </ItemGroup>
</Project>