<?xml version="1.0" encoding="utf-8"?>
<Project ToolsVersion="4.0" xmlns="http://schemas.microsoft.com/developer/msbuild/2003">
  <ItemGroup>
    <Filter Include="Source Files">
      <UniqueIdentifier>{cd4b3757-62f0-4703-a344-2cc78fc337b7}</UniqueIdentifier>
      <Extensions>cpp;c;cxx;rc;def;r;odl;idl;hpj;bat</Extensions>
    </Filter>
    <Filter Include="Header Files">
      <UniqueIdentifier>{e31da62b-8616-443b-a784-25ac6b18aa73}</UniqueIdentifier>
      <Extensions>h;hpp;hxx;hm;inl</Extensions>
    </Filter>
    <Filter Include="Resource Files">
      <UniqueIdentifier>{16ec9a82-5919-4bb1-9f28-7443928ce0af}</UniqueIdentifier>
      <Extensions>ico;cur;bmp;dlg;rc2;rct;bin;rgs;gif;jpg;jpeg;jpe</Extensions>
    </Filter>
  </ItemGroup>
  <ItemGroup>
    <ClCompile Include="..\CommonSource\ccbutton.cpp">
      <Filter>Source Files</Filter>
    </ClCompile>
    <ClCompile Include="CoISRISO.cpp">
      <Filter>Source Files</Filter>
    </ClCompile>
    <ClCompile Include="..\CommonSource\COM_Utilities.cpp">
      <Filter>Source Files</Filter>
    </ClCompile>
    <ClCompile Include="..\CommonSource\DirDialog.cpp">
      <Filter>Source Files</Filter>
    </ClCompile>
    <ClCompile Include="..\CommonSource\ISO.cpp">
      <Filter>Source Files</Filter>
    </ClCompile>
    <ClCompile Include="ISRCDData.cpp">
      <Filter>Source Files</Filter>
    </ClCompile>
    <ClCompile Include="ISRDataStat.cpp">
      <Filter>Source Files</Filter>
    </ClCompile>
    <ClCompile Include="ISRGenlStat.cpp">
      <Filter>Source Files</Filter>
    </ClCompile>
    <ClCompile Include="ISRInst.cpp">
      <Filter>Source Files</Filter>
    </ClCompile>
    <ClCompile Include="ISRISO.cpp">
      <Filter>Source Files</Filter>
    </ClCompile>
    <ClCompile Include="ISRLegend.cpp">
      <Filter>Source Files</Filter>
    </ClCompile>
    <ClCompile Include="ISRModParam.cpp">
      <Filter>Source Files</Filter>
    </ClCompile>
    <ClCompile Include="ISRSafePS.cpp">
      <Filter>Source Files</Filter>
    </ClCompile>
    <ClCompile Include="ISRStateMachine.cpp">
      <Filter>Source Files</Filter>
    </ClCompile>
    <ClCompile Include="ISRSummary.cpp">
      <Filter>Source Files</Filter>
    </ClCompile>
    <ClCompile Include="ISRUserProg.cpp">
      <Filter>Source Files</Filter>
    </ClCompile>
    <ClCompile Include="..\CommonSource\JulianT.cpp">
      <Filter>Source Files</Filter>
    </ClCompile>
    <ClCompile Include="..\CommonSource\RegisterByCategory.cpp">
      <Filter>Source Files</Filter>
    </ClCompile>
    <ClCompile Include="StdAfx.cpp">
      <Filter>Source Files</Filter>
    </ClCompile>
    <ClCompile Include="..\CommonSource\TPropertySheet.cpp">
      <Filter>Source Files</Filter>
    </ClCompile>
    <ClCompile Include="..\CommonSource\VERSION.CPP">
      <Filter>Source Files</Filter>
    </ClCompile>
  </ItemGroup>
  <ItemGroup>
    <Midl Include="CoISRISO.idl">
      <Filter>Source Files</Filter>
    </Midl>
  </ItemGroup>
  <ItemGroup>
    <ResourceCompile Include="CoISRISO.rc">
      <Filter>Source Files</Filter>
    </ResourceCompile>
  </ItemGroup>
  <ItemGroup>
    <ClInclude Include="..\CommonSource\ccbutton.h">
      <Filter>Header Files</Filter>
    </ClInclude>
    <ClInclude Include="..\CommonSource\colors.h">
      <Filter>Header Files</Filter>
    </ClInclude>
    <ClInclude Include="..\CommonSource\COM_Utilities.h">
      <Filter>Header Files</Filter>
    </ClInclude>
    <ClInclude Include="..\CommonSource\DirDialog.h">
      <Filter>Header Files</Filter>
    </ClInclude>
    <ClInclude Include="..\CommonSource\ISO.h">
      <Filter>Header Files</Filter>
    </ClInclude>
    <ClInclude Include="..\CommonSource\ISO_definitions.h">
      <Filter>Header Files</Filter>
    </ClInclude>
    <ClInclude Include="ISRCDData.h">
      <Filter>Header Files</Filter>
    </ClInclude>
    <ClInclude Include="ISRDataStat.h">
      <Filter>Header Files</Filter>
    </ClInclude>
    <ClInclude Include="ISRGenlStat.h">
      <Filter>Header Files</Filter>
    </ClInclude>
    <ClInclude Include="ISRInst.h">
      <Filter>Header Files</Filter>
    </ClInclude>
    <ClInclude Include="ISRISO.h">
      <Filter>Header Files</Filter>
    </ClInclude>
    <ClInclude Include="ISRLegend.h">
      <Filter>Header Files</Filter>
    </ClInclude>
    <ClInclude Include="ISRModParam.h">
      <Filter>Header Files</Filter>
    </ClInclude>
    <ClInclude Include="ISRSafePS.h">
      <Filter>Header Files</Filter>
    </ClInclude>
    <ClInclude Include="ISRSummary.h">
      <Filter>Header Files</Filter>
    </ClInclude>
    <ClInclude Include="ISRUserProg.h">
      <Filter>Header Files</Filter>
    </ClInclude>
    <ClInclude Include="..\CommonSource\JulianT.h">
      <Filter>Header Files</Filter>
    </ClInclude>
    <ClInclude Include="..\CommonSource\RegisterByCategory.h">
      <Filter>Header Files</Filter>
    </ClInclude>
    <ClInclude Include="Resource.h">
      <Filter>Header Files</Filter>
    </ClInclude>
    <ClInclude Include="StdAfx.h">
      <Filter>Header Files</Filter>
    </ClInclude>
    <ClInclude Include="..\CommonSource\TPropertySheet.h">
      <Filter>Header Files</Filter>
    </ClInclude>
    <ClInclude Include="..\CommonSource\VERSION.H">
      <Filter>Header Files</Filter>
    </ClInclude>
  </ItemGroup>
  <ItemGroup>
    <Image Include="res\bmp_red.bmp">
      <Filter>Resource Files</Filter>
    </Image>
    <Image Include="res\clock.ico">
      <Filter>Resource Files</Filter>
    </Image>
    <Image Include="res\ico00006.ico">
      <Filter>Resource Files</Filter>
    </Image>
    <Image Include="res\ico00007.ico">
      <Filter>Resource Files</Filter>
    </Image>
    <Image Include="res\ico00008.ico">
      <Filter>Resource Files</Filter>
    </Image>
    <Image Include="res\ico00009.ico">
      <Filter>Resource Files</Filter>
    </Image>
    <Image Include="res\ico00010.ico">
      <Filter>Resource Files</Filter>
    </Image>
    <Image Include="res\ico00011.ico">
      <Filter>Resource Files</Filter>
    </Image>
    <Image Include="res\mic.ico">
      <Filter>Resource Files</Filter>
    </Image>
  </ItemGroup>
  <ItemGroup>
    <CustomBuild Include="CoISRISO.def">
      <Filter>Source Files</Filter>
    </CustomBuild>
    <CustomBuild Include="ISRISO.rgs">
      <Filter>Resource Files</Filter>
    </CustomBuild>
  </ItemGroup>
</Project>