<?xml version="1.0" encoding="utf-8"?>
<Project ToolsVersion="4.0" xmlns="http://schemas.microsoft.com/developer/msbuild/2003">
  <ItemGroup>
    <Filter Include="Source Files">
      <UniqueIdentifier>{b0972c0b-5dbb-4440-b0b6-0bd9622f12dd}</UniqueIdentifier>
      <Extensions>cpp;c;cxx;rc;def;r;odl;idl;hpj;bat</Extensions>
    </Filter>
    <Filter Include="Header Files">
      <UniqueIdentifier>{73f5424a-96c4-4845-b4dd-21db746f10a0}</UniqueIdentifier>
      <Extensions>h;hpp;hxx;hm;inl</Extensions>
    </Filter>
    <Filter Include="Resource Files">
      <UniqueIdentifier>{1f52333f-8d8a-4b48-82ae-9364ef86cc8d}</UniqueIdentifier>
      <Extensions>ico;cur;bmp;dlg;rc2;rct;bin;rgs;gif;jpg;jpeg;jpe</Extensions>
    </Filter>
  </ItemGroup>
  <ItemGroup>
    <ClCompile Include="..\CommonSource\ccbutton.cpp">
      <Filter>Source Files</Filter>
    </ClCompile>
    <ClCompile Include="..\CommonSource\COM_Utilities.cpp">
      <Filter>Source Files</Filter>
    </ClCompile>
    <ClCompile Include="..\CommonSource\GamNew.cpp">
      <Filter>Source Files</Filter>
    </ClCompile>
    <ClCompile Include="..\CommonSource\ISO.cpp">
      <Filter>Source Files</Filter>
    </ClCompile>
    <ClCompile Include="..\CommonSource\JulianT.cpp">
      <Filter>Source Files</Filter>
    </ClCompile>
    <ClCompile Include="..\CommonSource\ListCtrlStyled.cpp">
      <Filter>Source Files</Filter>
    </ClCompile>
    <ClCompile Include="..\CommonSource\ORTECSpectrum.cpp">
      <Filter>Source Files</Filter>
    </ClCompile>
    <ClCompile Include="..\CommonSource\RegisterByCategory.cpp">
      <Filter>Source Files</Filter>
    </ClCompile>
    <ClCompile Include="StdAfx.cpp">
      <Filter>Source Files</Filter>
    </ClCompile>
    <ClCompile Include="..\CommonSource\TPropertySheet.cpp">
      <Filter>Source Files</Filter>
    </ClCompile>
    <ClCompile Include="..\CommonSource\VERSION.CPP">
      <Filter>Source Files</Filter>
    </ClCompile>
    <ClCompile Include="XYCtrl.cpp">
      <Filter>Source Files</Filter>
    </ClCompile>
    <ClCompile Include="CoDSPEC50ISO.cpp">
      <Filter>Source Files</Filter>
    </ClCompile>
    <ClCompile Include="DSPEC50ISO.cpp">
      <Filter>Source Files</Filter>
    </ClCompile>
    <ClCompile Include="DSPEC50Inst.cpp">
      <Filter>Source Files</Filter>
    </ClCompile>
    <ClCompile Include="DSPEC50ProppageSetupData.cpp">
      <Filter>Source Files</Filter>
    </ClCompile>
    <ClCompile Include="DSPEC50DataStat.cpp">
      <Filter>Source Files</Filter>
    </ClCompile>
    <ClCompile Include="DSPEC50SetEdit.cpp">
      <Filter>Source Files</Filter>
    </ClCompile>
    <ClCompile Include="DSPEC50Summary.cpp">
      <Filter>Source Files</Filter>
    </ClCompile>
    <ClCompile Include="DSPEC50Legend.cpp">
      <Filter>Source Files</Filter>
    </ClCompile>
    <ClCompile Include="DSPEC50SafePS.cpp">
      <Filter>Source Files</Filter>
    </ClCompile>
    <ClCompile Include="DSPEC50ModParam.cpp">
      <Filter>Source Files</Filter>
    </ClCompile>
    <ClCompile Include="DSPEC50StaticSetupData.cpp">
      <Filter>Source Files</Filter>
    </ClCompile>
    <ClCompile Include="..\COMMONSOURCE\DirDialog.cpp">
      <Filter>Source Files</Filter>
    </ClCompile>
    <ClCompile Include="..\MicMgr\TimedMessageDialog.cpp">
      <Filter>Source Files</Filter>
    </ClCompile>
  </ItemGroup>
  <ItemGroup>
    <Midl Include="CoDSPEC50ISO.idl">
      <Filter>Source Files</Filter>
    </Midl>
  </ItemGroup>
  <ItemGroup>
    <ResourceCompile Include="CoDSPEC50ISO.rc">
      <Filter>Source Files</Filter>
    </ResourceCompile>
  </ItemGroup>
  <ItemGroup>
    <ClInclude Include="..\CommonSource\ccbutton.h">
      <Filter>Header Files</Filter>
    </ClInclude>
    <ClInclude Include="..\CommonSource\COM_Utilities.h">
      <Filter>Header Files</Filter>
    </ClInclude>
    <ClInclude Include="..\CommonSource\GamNew.h">
      <Filter>Header Files</Filter>
    </ClInclude>
    <ClInclude Include="..\CommonSource\ini_definitions.h">
      <Filter>Header Files</Filter>
    </ClInclude>
    <ClInclude Include="..\CommonSource\ISO.h">
      <Filter>Header Files</Filter>
    </ClInclude>
    <ClInclude Include="..\CommonSource\ISO_definitions.h">
      <Filter>Header Files</Filter>
    </ClInclude>
    <ClInclude Include="..\CommonSource\JulianT.h">
      <Filter>Header Files</Filter>
    </ClInclude>
    <ClInclude Include="..\CommonSource\ListCtrlStyled.h">
      <Filter>Header Files</Filter>
    </ClInclude>
    <ClInclude Include="..\CommonSource\ORTECSpectrum.h">
      <Filter>Header Files</Filter>
    </ClInclude>
    <ClInclude Include="Resource.h">
      <Filter>Header Files</Filter>
    </ClInclude>
    <ClInclude Include="StdAfx.h">
      <Filter>Header Files</Filter>
    </ClInclude>
    <ClInclude Include="..\CommonSource\TPropertySheet.h">
      <Filter>Header Files</Filter>
    </ClInclude>
    <ClInclude Include="..\CommonSource\VERSION.H">
      <Filter>Header Files</Filter>
    </ClInclude>
    <ClInclude Include="XYCtrl.h">
      <Filter>Header Files</Filter>
    </ClInclude>
    <ClInclude Include="DSPEC50DataStat.h">
      <Filter>Header Files</Filter>
    </ClInclude>
    <ClInclude Include="DSPEC50ISO.h">
      <Filter>Header Files</Filter>
    </ClInclude>
    <ClInclude Include="DSPEC50Legend.h">
      <Filter>Header Files</Filter>
    </ClInclude>
    <ClInclude Include="DSPEC50ModParam.h">
      <Filter>Header Files</Filter>
    </ClInclude>
    <ClInclude Include="DSPEC50SafePS.h">
      <Filter>Header Files</Filter>
    </ClInclude>
    <ClInclude Include="DSPEC50SetEdit.h">
      <Filter>Header Files</Filter>
    </ClInclude>
    <ClInclude Include="DSPEC50StaticSetupData.h">
      <Filter>Header Files</Filter>
    </ClInclude>
    <ClInclude Include="DSPEC50Strings.h">
      <Filter>Header Files</Filter>
    </ClInclude>
    <ClInclude Include="DSPEC50Summary.h">
      <Filter>Header Files</Filter>
    </ClInclude>
    <ClInclude Include="DSPEC50Inst.h">
      <Filter>Header Files</Filter>
    </ClInclude>
    <ClInclude Include="DSPEC50Parameters.h">
      <Filter>Header Files</Filter>
    </ClInclude>
    <ClInclude Include="DSPEC50ProppageSetupData.h">
      <Filter>Header Files</Filter>
    </ClInclude>
    <ClInclude Include="..\COMMONSOURCE\DirDialog.h">
      <Filter>Header Files</Filter>
    </ClInclude>
    <ClInclude Include="..\MicMgr\TimedMessageDialog.h">
      <Filter>Header Files</Filter>
    </ClInclude>
  </ItemGroup>
  <ItemGroup>
    <Image Include="res\bmp_red.bmp">
      <Filter>Resource Files</Filter>
    </Image>
    <Image Include="res\clock.ico">
      <Filter>Resource Files</Filter>
    </Image>
    <Image Include="res\ico00006.ico">
      <Filter>Resource Files</Filter>
    </Image>
    <Image Include="res\ico00007.ico">
      <Filter>Resource Files</Filter>
    </Image>
    <Image Include="res\ico00008.ico">
      <Filter>Resource Files</Filter>
    </Image>
    <Image Include="res\ico00009.ico">
      <Filter>Resource Files</Filter>
    </Image>
    <Image Include="res\ico00010.ico">
      <Filter>Resource Files</Filter>
    </Image>
    <Image Include="res\ico00011.ico">
      <Filter>Resource Files</Filter>
    </Image>
    <Image Include="res\icon1.ico">
      <Filter>Resource Files</Filter>
    </Image>
  </ItemGroup>
  <ItemGroup>
    <None Include="CoDSPEC50ISOps.def">
      <Filter>Source Files</Filter>
    </None>
    <None Include="DSPEC50ISO.rgs">
      <Filter>Resource Files</Filter>
    </None>
  </ItemGroup>
</Project>