<?xml version="1.0" encoding="utf-8"?>
<Project ToolsVersion="4.0" xmlns="http://schemas.microsoft.com/developer/msbuild/2003">
  <ItemGroup>
    <Filter Include="Source Files">
      <UniqueIdentifier>{0468b756-a72b-4892-93e1-bd47ac3db144}</UniqueIdentifier>
      <Extensions>cpp;c;cxx;rc;def;r;odl;idl;hpj;bat</Extensions>
    </Filter>
    <Filter Include="Header Files">
      <UniqueIdentifier>{1770290e-89bd-4602-bb1b-ed747e3d561f}</UniqueIdentifier>
      <Extensions>h;hpp;hxx;hm;inl</Extensions>
    </Filter>
    <Filter Include="Resource Files">
      <UniqueIdentifier>{9bdcf3b2-60eb-41e0-919a-ec36ce3b8b3b}</UniqueIdentifier>
      <Extensions>ico;cur;bmp;dlg;rc2;rct;bin;rgs;gif;jpg;jpeg;jpe</Extensions>
    </Filter>
  </ItemGroup>
  <ItemGroup>
    <ClCompile Include="..\CommonSource\ccbutton.cpp">
      <Filter>Source Files</Filter>
    </ClCompile>
    <ClCompile Include="CoDirectSerialCSO.cpp">
      <Filter>Source Files</Filter>
    </ClCompile>
    <ClCompile Include="..\CommonSource\COM_Utilities.cpp">
      <Filter>Source Files</Filter>
    </ClCompile>
    <ClCompile Include="ComGrand.cpp">
      <Filter>Source Files</Filter>
    </ClCompile>
    <ClCompile Include="DirectSerialCSO.cpp">
      <Filter>Source Files</Filter>
    </ClCompile>
    <ClCompile Include="NewSerialComm.cpp">
      <Filter>Source Files</Filter>
    </ClCompile>
    <ClCompile Include="..\CommonSource\RegisterByCategory.cpp">
      <Filter>Source Files</Filter>
    </ClCompile>
    <ClCompile Include="StdAfx.cpp">
      <Filter>Source Files</Filter>
    </ClCompile>
    <ClCompile Include="..\CommonSource\VERSION.CPP">
      <Filter>Source Files</Filter>
    </ClCompile>
    <ClCompile Include="..\COMMONSOURCE\CSO.cpp">
      <Filter>Source Files</Filter>
    </ClCompile>
    <ClCompile Include="..\MicMgr\TimedMessageDialog.cpp">
      <Filter>Source Files</Filter>
    </ClCompile>
  </ItemGroup>
  <ItemGroup>
    <Midl Include="CoDirectSerialCSO.idl">
      <Filter>Source Files</Filter>
    </Midl>
  </ItemGroup>
  <ItemGroup>
    <ResourceCompile Include="CoDirectSerialCSO.rc">
      <Filter>Source Files</Filter>
    </ResourceCompile>
  </ItemGroup>
  <ItemGroup>
    <ClInclude Include="..\CommonSource\ccbutton.h">
      <Filter>Header Files</Filter>
    </ClInclude>
    <ClInclude Include="..\CommonSource\ccbutton_messages.h">
      <Filter>Header Files</Filter>
    </ClInclude>
    <ClInclude Include="..\CommonSource\COM_Utilities.h">
      <Filter>Header Files</Filter>
    </ClInclude>
    <ClInclude Include="ComGrand.h">
      <Filter>Header Files</Filter>
    </ClInclude>
    <ClInclude Include="DirectSerialCSO.h">
      <Filter>Header Files</Filter>
    </ClInclude>
    <ClInclude Include="NewSerialComm.h">
      <Filter>Header Files</Filter>
    </ClInclude>
    <ClInclude Include="..\CommonSource\RegisterByCategory.h">
      <Filter>Header Files</Filter>
    </ClInclude>
    <ClInclude Include="Resource.h">
      <Filter>Header Files</Filter>
    </ClInclude>
    <ClInclude Include="StdAfx.h">
      <Filter>Header Files</Filter>
    </ClInclude>
    <ClInclude Include="..\CommonSource\VERSION.H">
      <Filter>Header Files</Filter>
    </ClInclude>
    <ClInclude Include="..\COMMONSOURCE\CSO.h">
      <Filter>Header Files</Filter>
    </ClInclude>
    <ClInclude Include="..\COMMONSOURCE\CSO_definitions.h">
      <Filter>Header Files</Filter>
    </ClInclude>
    <ClInclude Include="..\MicMgr\TimedMessageDialog.h">
      <Filter>Header Files</Filter>
    </ClInclude>
  </ItemGroup>
  <ItemGroup>
    <Image Include="res\icon1.ico">
      <Filter>Resource Files</Filter>
    </Image>
  </ItemGroup>
  <ItemGroup>
    <CustomBuild Include="CoDirectSerialCSO.def">
      <Filter>Source Files</Filter>
    </CustomBuild>
    <CustomBuild Include="DirectSerialCSO.rgs">
      <Filter>Resource Files</Filter>
    </CustomBuild>
  </ItemGroup>
  <ItemGroup>
    <Text Include="..\Notes.txt" />
  </ItemGroup>
</Project>